{
  "requires": true,
  "lockfileVersion": 1,
  "dependencies": {
    "vuetify": {
      "version": "1.1.13",
      "resolved": "https://registry.npmjs.org/vuetify/-/vuetify-1.1.13.tgz",
      "integrity": "sha512-7EuKQdFfKi6LEu+y5OtVvErfXBJT0aL1MtXEvnPALRM6ynAVcXVUi8PLxccBiOfTRHTTdcbijp5gx6XvL3rECQ=="
    }
  }
}
